Microsoft Visual Studio Solution File, Format Version 12.00
# Visual Studio Version 17
VisualStudioVersion = 17.5.2.0
MinimumVisualStudioVersion = 10.0.40219.1
Project("{FAE04EC0-301F-11D3-BF4B-00C04F79EFBC}") = "FundNavTracker", "FundNavTracker.csproj", "{6EAE2315-8A5B-0E6A-BC4F-985DF8DE6314}"
EndProject
Global
	GlobalSection(SolutionConfigurationPlatforms) = preSolution
		Debug|Any CPU = Debug|Any CPU
		Release|Any CPU = Release|Any CPU
	EndGlobalSection
	GlobalSection(ProjectConfigurationPlatforms) = postSolution
		{6EAE2315-8A5B-0E6A-BC4F-985DF8DE6314}.Debug|Any CPU.ActiveCfg = Debug|Any CPU
		{6EAE2315-8A5B-0E6A-BC4F-985DF8DE6314}.Debug|Any CPU.Build.0 = Debug|Any CPU
		{6EAE2315-8A5B-0E6A-BC4F-985DF8DE6314}.Release|Any CPU.ActiveCfg = Release|Any CPU
		{6EAE2315-8A5B-0E6A-BC4F-985DF8DE6314}.Release|Any CPU.Build.0 = Release|Any CPU
	EndGlobalSection
	GlobalSection(SolutionProperties) = preSolution
		HideSolutionNode = FALSE
	EndGlobalSection
	GlobalSection(ExtensibilityGlobals) = postSolution
		SolutionGuid = {2468785D-3C8A-4654-8852-A01E1D653389}
	EndGlobalSection
EndGlobal
